
Microsoft Visual Studio Solution File, Format Version 12.00
# Visual Studio Version 17
VisualStudioVersion = 17.7.34221.43
MinimumVisualStudioVersion = 10.0.40219.1
Project("{2150E333-8FDC-42A3-9474-1A3956D46DE8}") = "src", "src", "{490B2355-F99A-45E1-8EFB-3B1DE0CFB737}"
EndProject
Project("{2150E333-8FDC-42A3-9474-1A3956D46DE8}") = "Solution Items", "Solution Items", "{34AA47FB-C541-44E1-8F8A-2EC03F99505F}"
	ProjectSection(SolutionItems) = preProject
		.gitignore = .gitignore
	EndProjectSection
EndProject
Project("{9A19103F-16F7-4668-BE54-9A1E7A4F7556}") = "FinancialManagementSystem.API", "src\FinancialManagementSystem.API\FinancialManagementSystem.API.csproj", "{D6515F61-A6F1-4D16-869E-5D8FEBB2ACEF}"
EndProject
Project("{9A19103F-16F7-4668-BE54-9A1E7A4F7556}") = "FinancialManagementSystem.Core", "src\FinancialManagementSystem.Core\FinancialManagementSystem.Core.csproj", "{C30B625D-95B5-446A-BA93-EDD7F0874404}"
EndProject
Project("{9A19103F-16F7-4668-BE54-9A1E7A4F7556}") = "FinancialManagementSystem.Infrastructure", "src\FinancialManagementSystem.Infrastructure\FinancialManagementSystem.Infrastructure.csproj", "{6E2EB987-DB95-4ADB-A11B-0932B36FB2E4}"
EndProject
Project("{2150E333-8FDC-42A3-9474-1A3956D46DE8}") = "test", "test", "{58559A7E-4505-4E85-8E32-F0271021F8FF}"
EndProject
Project("{9A19103F-16F7-4668-BE54-9A1E7A4F7556}") = "FinancialManagementSystem.API.Tests", "tests\FinancialManagementSystem.API.Tests\FinancialManagementSystem.API.Tests.csproj", "{9865E019-16B0-4C89-B2E6-02A2321D916D}"
EndProject
Project("{9A19103F-16F7-4668-BE54-9A1E7A4F7556}") = "FinancialManagementSystem.Core.Tests", "tests\FinancialManagementSystem.Core.Tests\FinancialManagementSystem.Core.Tests.csproj", "{45FFA52B-AAFB-4E99-A704-AA92AA8F2F37}"
EndProject
Project("{9A19103F-16F7-4668-BE54-9A1E7A4F7556}") = "FinancialManagementSystem.Infrastructure.Tests", "tests\FinancialManagementSystem.Infrastructure.Tests\FinancialManagementSystem.Infrastructure.Tests.csproj", "{D642366A-E5AC-458D-85CF-7C7C75FA4B06}"
EndProject
Global
	GlobalSection(SolutionConfigurationPlatforms) = preSolution
		Debug|Any CPU = Debug|Any CPU
		Release|Any CPU = Release|Any CPU
	EndGlobalSection
	GlobalSection(ProjectConfigurationPlatforms) = postSolution
		{D6515F61-A6F1-4D16-869E-5D8FEBB2ACEF}.Debug|Any CPU.ActiveCfg = Debug|Any CPU
		{D6515F61-A6F1-4D16-869E-5D8FEBB2ACEF}.Debug|Any CPU.Build.0 = Debug|Any CPU
		{D6515F61-A6F1-4D16-869E-5D8FEBB2ACEF}.Release|Any CPU.ActiveCfg = Release|Any CPU
		{D6515F61-A6F1-4D16-869E-5D8FEBB2ACEF}.Release|Any CPU.Build.0 = Release|Any CPU
		{C30B625D-95B5-446A-BA93-EDD7F0874404}.Debug|Any CPU.ActiveCfg = Debug|Any CPU
		{C30B625D-95B5-446A-BA93-EDD7F0874404}.Debug|Any CPU.Build.0 = Debug|Any CPU
		{C30B625D-95B5-446A-BA93-EDD7F0874404}.Release|Any CPU.ActiveCfg = Release|Any CPU
		{C30B625D-95B5-446A-BA93-EDD7F0874404}.Release|Any CPU.Build.0 = Release|Any CPU
		{6E2EB987-DB95-4ADB-A11B-0932B36FB2E4}.Debug|Any CPU.ActiveCfg = Debug|Any CPU
		{6E2EB987-DB95-4ADB-A11B-0932B36FB2E4}.Debug|Any CPU.Build.0 = Debug|Any CPU
		{6E2EB987-DB95-4ADB-A11B-0932B36FB2E4}.Release|Any CPU.ActiveCfg = Release|Any CPU
		{6E2EB987-DB95-4ADB-A11B-0932B36FB2E4}.Release|Any CPU.Build.0 = Release|Any CPU
		{9865E019-16B0-4C89-B2E6-02A2321D916D}.Debug|Any CPU.ActiveCfg = Debug|Any CPU
		{9865E019-16B0-4C89-B2E6-02A2321D916D}.Debug|Any CPU.Build.0 = Debug|Any CPU
		{9865E019-16B0-4C89-B2E6-02A2321D916D}.Release|Any CPU.ActiveCfg = Release|Any CPU
		{9865E019-16B0-4C89-B2E6-02A2321D916D}.Release|Any CPU.Build.0 = Release|Any CPU
		{45FFA52B-AAFB-4E99-A704-AA92AA8F2F37}.Debug|Any CPU.ActiveCfg = Debug|Any CPU
		{45FFA52B-AAFB-4E99-A704-AA92AA8F2F37}.Debug|Any CPU.Build.0 = Debug|Any CPU
		{45FFA52B-AAFB-4E99-A704-AA92AA8F2F37}.Release|Any CPU.ActiveCfg = Release|Any CPU
		{45FFA52B-AAFB-4E99-A704-AA92AA8F2F37}.Release|Any CPU.Build.0 = Release|Any CPU
		{D642366A-E5AC-458D-85CF-7C7C75FA4B06}.Debug|Any CPU.ActiveCfg = Debug|Any CPU
		{D642366A-E5AC-458D-85CF-7C7C75FA4B06}.Debug|Any CPU.Build.0 = Debug|Any CPU
		{D642366A-E5AC-458D-85CF-7C7C75FA4B06}.Release|Any CPU.ActiveCfg = Release|Any CPU
		{D642366A-E5AC-458D-85CF-7C7C75FA4B06}.Release|Any CPU.Build.0 = Release|Any CPU
	EndGlobalSection
	GlobalSection(SolutionProperties) = preSolution
		HideSolutionNode = FALSE
	EndGlobalSection
	GlobalSection(NestedProjects) = preSolution
		{D6515F61-A6F1-4D16-869E-5D8FEBB2ACEF} = {490B2355-F99A-45E1-8EFB-3B1DE0CFB737}
		{C30B625D-95B5-446A-BA93-EDD7F0874404} = {490B2355-F99A-45E1-8EFB-3B1DE0CFB737}
		{6E2EB987-DB95-4ADB-A11B-0932B36FB2E4} = {490B2355-F99A-45E1-8EFB-3B1DE0CFB737}
		{9865E019-16B0-4C89-B2E6-02A2321D916D} = {58559A7E-4505-4E85-8E32-F0271021F8FF}
		{45FFA52B-AAFB-4E99-A704-AA92AA8F2F37} = {58559A7E-4505-4E85-8E32-F0271021F8FF}
		{D642366A-E5AC-458D-85CF-7C7C75FA4B06} = {58559A7E-4505-4E85-8E32-F0271021F8FF}
	EndGlobalSection
	GlobalSection(ExtensibilityGlobals) = postSolution
		SolutionGuid = {69ACC750-3691-4C16-9912-B044810716AA}
	EndGlobalSection
EndGlobal
